
Microsoft Visual Studio Solution File, Format Version 12.00
# Visual Studio Version 17
VisualStudioVersion = 17.6.33829.357
MinimumVisualStudioVersion = 10.0.40219.1
Project("{9A19103F-16F7-4668-BE54-9A1E7A4F7556}") = "Labratorium1", "Labratorium1\Labratorium1.csproj", "{CADB48F0-982D-4C8D-AF19-127F1D3206DF}"
EndProject
Project("{9A19103F-16F7-4668-BE54-9A1E7A4F7556}") = "Laboratorium2", "Laboratorium2\Laboratorium2.csproj", "{05E9E030-5591-43BC-8EDF-F38EB9D39940}"
EndProject
Project("{9A19103F-16F7-4668-BE54-9A1E7A4F7556}") = "Laboratorium3-App", "Laboratorium3-App\Laboratorium3-App.csproj", "{6223959C-B855-45A2-AB22-165C3BE77323}"
EndProject
Project("{FAE04EC0-301F-11D3-BF4B-00C04F79EFBC}") = "Project_Take_two", "Project_Take_two\Project_Take_two.csproj", "{1563CFB4-1B6D-4AD8-99C4-0345B3DAEAE5}"
EndProject
Global
	GlobalSection(SolutionConfigurationPlatforms) = preSolution
		Debug|Any CPU = Debug|Any CPU
		Release|Any CPU = Release|Any CPU
	EndGlobalSection
	GlobalSection(ProjectConfigurationPlatforms) = postSolution
		{CADB48F0-982D-4C8D-AF19-127F1D3206DF}.Debug|Any CPU.ActiveCfg = Debug|Any CPU
		{CADB48F0-982D-4C8D-AF19-127F1D3206DF}.Debug|Any CPU.Build.0 = Debug|Any CPU
		{CADB48F0-982D-4C8D-AF19-127F1D3206DF}.Release|Any CPU.ActiveCfg = Release|Any CPU
		{CADB48F0-982D-4C8D-AF19-127F1D3206DF}.Release|Any CPU.Build.0 = Release|Any CPU
		{05E9E030-5591-43BC-8EDF-F38EB9D39940}.Debug|Any CPU.ActiveCfg = Debug|Any CPU
		{05E9E030-5591-43BC-8EDF-F38EB9D39940}.Debug|Any CPU.Build.0 = Debug|Any CPU
		{05E9E030-5591-43BC-8EDF-F38EB9D39940}.Release|Any CPU.ActiveCfg = Release|Any CPU
		{05E9E030-5591-43BC-8EDF-F38EB9D39940}.Release|Any CPU.Build.0 = Release|Any CPU
		{6223959C-B855-45A2-AB22-165C3BE77323}.Debug|Any CPU.ActiveCfg = Debug|Any CPU
		{6223959C-B855-45A2-AB22-165C3BE77323}.Debug|Any CPU.Build.0 = Debug|Any CPU
		{6223959C-B855-45A2-AB22-165C3BE77323}.Release|Any CPU.ActiveCfg = Release|Any CPU
		{6223959C-B855-45A2-AB22-165C3BE77323}.Release|Any CPU.Build.0 = Release|Any CPU
		{1563CFB4-1B6D-4AD8-99C4-0345B3DAEAE5}.Debug|Any CPU.ActiveCfg = Debug|Any CPU
		{1563CFB4-1B6D-4AD8-99C4-0345B3DAEAE5}.Debug|Any CPU.Build.0 = Debug|Any CPU
		{1563CFB4-1B6D-4AD8-99C4-0345B3DAEAE5}.Release|Any CPU.ActiveCfg = Release|Any CPU
		{1563CFB4-1B6D-4AD8-99C4-0345B3DAEAE5}.Release|Any CPU.Build.0 = Release|Any CPU
	EndGlobalSection
	GlobalSection(SolutionProperties) = preSolution
		HideSolutionNode = FALSE
	EndGlobalSection
	GlobalSection(ExtensibilityGlobals) = postSolution
		SolutionGuid = {27CA8455-4F83-4BC7-B186-71C31D187B03}
	EndGlobalSection
EndGlobal
